
Microsoft Visual Studio Solution File, Format Version 12.00
# Visual Studio 2012
Project("{FAE04EC0-301F-11D3-BF4B-00C04F79EFBC}") = "Games", "Games\Games.csproj", "{9BC68549-C6D2-4683-BBAF-44D44C8210B4}"
EndProject
Project("{FAE04EC0-301F-11D3-BF4B-00C04F79EFBC}") = "Games.Tests", "Games.Tests\Games.Tests.csproj", "{922BFAD6-D79A-4229-AA8C-5E020066C1DB}"
EndProject
Global
	GlobalSection(SolutionConfigurationPlatforms) = preSolution
		Debug|Any CPU = Debug|Any CPU
		Release|Any CPU = Release|Any CPU
	EndGlobalSection
	GlobalSection(ProjectConfigurationPlatforms) = postSolution
		{9BC68549-C6D2-4683-BBAF-44D44C8210B4}.Debug|Any CPU.ActiveCfg = Debug|Any CPU
		{9BC68549-C6D2-4683-BBAF-44D44C8210B4}.Debug|Any CPU.Build.0 = Debug|Any CPU
		{9BC68549-C6D2-4683-BBAF-44D44C8210B4}.Release|Any CPU.ActiveCfg = Release|Any CPU
		{9BC68549-C6D2-4683-BBAF-44D44C8210B4}.Release|Any CPU.Build.0 = Release|Any CPU
		{922BFAD6-D79A-4229-AA8C-5E020066C1DB}.Debug|Any CPU.ActiveCfg = Debug|Any CPU
		{922BFAD6-D79A-4229-AA8C-5E020066C1DB}.Debug|Any CPU.Build.0 = Debug|Any CPU
		{922BFAD6-D79A-4229-AA8C-5E020066C1DB}.Release|Any CPU.ActiveCfg = Release|Any CPU
		{922BFAD6-D79A-4229-AA8C-5E020066C1DB}.Release|Any CPU.Build.0 = Release|Any CPU
	EndGlobalSection
	GlobalSection(SolutionProperties) = preSolution
		HideSolutionNode = FALSE
	EndGlobalSection
EndGlobal
